# This file was autogenerated by Stack.
# You should not edit this file by hand.
# For more information, please see the documentation at:
#   https://docs.haskellstack.org/en/stable/lock_files

packages: []
snapshots:
- completed:
    sha256: a638975b3da9a4182e4b4f0866c5fb01825dc04d74b503cb8e402f38c861368d
    size: 629111
    url: https://raw.githubusercontent.com/commercialhaskell/stackage-snapshots/master/nightly/2023/5/13.yaml
  original: nightly-2023-05-13
